
Microsoft Visual Studio Solution File, Format Version 12.00
# Visual Studio Version 16
VisualStudioVersion = 16.0.29306.81
MinimumVisualStudioVersion = 10.0.40219.1
Project("{FAE04EC0-301F-11D3-BF4B-00C04F79EFBC}") = "DataAccessLocal", "DataAccessLocal\DataAccessLocal.csproj", "{B5802C88-529E-4D85-98FA-8C1537C27F12}"
EndProject
Project("{2150E333-8FDC-42A3-9474-1A3956D46DE8}") = "Solution Items", "Solution Items", "{D7A7A633-C2EF-4BB6-9D93-361AB66AA484}"
	ProjectSection(SolutionItems) = preProject
		README.md = README.md
	EndProjectSection
EndProject
Project("{FAE04EC0-301F-11D3-BF4B-00C04F79EFBC}") = "OMS.Data", "OMS.Data\OMS.Data.csproj", "{55219052-B923-4B0E-93DA-D4C627922E99}"
EndProject
Project("{FAE04EC0-301F-11D3-BF4B-00C04F79EFBC}") = "OMS.WPFClient", "OMS.WPFClient\OMS.WPFClient.csproj", "{1CEAC5A6-FEE1-4220-B157-D66F926F7629}"
EndProject
Project("{9A19103F-16F7-4668-BE54-9A1E7A4F7556}") = "OMSWebMini", "OMSWebMini\OMSWebMini.csproj", "{1CBFB6D2-257D-4E7C-BD65-0ACA58D0C77C}"
EndProject
Global
	GlobalSection(SolutionConfigurationPlatforms) = preSolution
		Debug|Any CPU = Debug|Any CPU
		Release|Any CPU = Release|Any CPU
	EndGlobalSection
	GlobalSection(ProjectConfigurationPlatforms) = postSolution
		{B5802C88-529E-4D85-98FA-8C1537C27F12}.Debug|Any CPU.ActiveCfg = Debug|Any CPU
		{B5802C88-529E-4D85-98FA-8C1537C27F12}.Debug|Any CPU.Build.0 = Debug|Any CPU
		{B5802C88-529E-4D85-98FA-8C1537C27F12}.Release|Any CPU.ActiveCfg = Release|Any CPU
		{B5802C88-529E-4D85-98FA-8C1537C27F12}.Release|Any CPU.Build.0 = Release|Any CPU
		{55219052-B923-4B0E-93DA-D4C627922E99}.Debug|Any CPU.ActiveCfg = Debug|Any CPU
		{55219052-B923-4B0E-93DA-D4C627922E99}.Debug|Any CPU.Build.0 = Debug|Any CPU
		{55219052-B923-4B0E-93DA-D4C627922E99}.Release|Any CPU.ActiveCfg = Release|Any CPU
		{55219052-B923-4B0E-93DA-D4C627922E99}.Release|Any CPU.Build.0 = Release|Any CPU
		{1CEAC5A6-FEE1-4220-B157-D66F926F7629}.Debug|Any CPU.ActiveCfg = Debug|Any CPU
		{1CEAC5A6-FEE1-4220-B157-D66F926F7629}.Debug|Any CPU.Build.0 = Debug|Any CPU
		{1CEAC5A6-FEE1-4220-B157-D66F926F7629}.Release|Any CPU.ActiveCfg = Release|Any CPU
		{1CEAC5A6-FEE1-4220-B157-D66F926F7629}.Release|Any CPU.Build.0 = Release|Any CPU
		{1CBFB6D2-257D-4E7C-BD65-0ACA58D0C77C}.Debug|Any CPU.ActiveCfg = Debug|Any CPU
		{1CBFB6D2-257D-4E7C-BD65-0ACA58D0C77C}.Debug|Any CPU.Build.0 = Debug|Any CPU
		{1CBFB6D2-257D-4E7C-BD65-0ACA58D0C77C}.Release|Any CPU.ActiveCfg = Release|Any CPU
		{1CBFB6D2-257D-4E7C-BD65-0ACA58D0C77C}.Release|Any CPU.Build.0 = Release|Any CPU
	EndGlobalSection
	GlobalSection(SolutionProperties) = preSolution
		HideSolutionNode = FALSE
	EndGlobalSection
	GlobalSection(ExtensibilityGlobals) = postSolution
		SolutionGuid = {07EC521E-CA3D-4170-B1B0-6A55C148C141}
	EndGlobalSection
EndGlobal
