
Microsoft Visual Studio Solution File, Format Version 12.00
# Visual Studio Version 16
VisualStudioVersion = 16.0.29306.81
MinimumVisualStudioVersion = 10.0.40219.1
Project("{FAE04EC0-301F-11D3-BF4B-00C04F79EFBC}") = "Root", "Root\Root.csproj", "{5931D7C8-FD27-4AD4-A79D-CBC311205767}"
EndProject
Project("{2150E333-8FDC-42A3-9474-1A3956D46DE8}") = "Modules", "Modules", "{FD432683-8AD9-4AE0-AE32-151850CF9F31}"
EndProject
Project("{FAE04EC0-301F-11D3-BF4B-00C04F79EFBC}") = "Orders", "Orders\Orders.csproj", "{104CCDBD-B903-4514-8D0C-89195B476252}"
EndProject
Project("{FAE04EC0-301F-11D3-BF4B-00C04F79EFBC}") = "Banner", "Banner\Banner.csproj", "{ED30496F-1193-43F6-A373-0082BA3C520F}"
EndProject
Project("{FAE04EC0-301F-11D3-BF4B-00C04F79EFBC}") = "Dashboard", "Dashboard\Dashboard.csproj", "{BF251AF9-7B71-4EB5-9F80-2A9A9DCE6EA1}"
EndProject
Project("{FAE04EC0-301F-11D3-BF4B-00C04F79EFBC}") = "Infrastructure", "Infrastructure\Infrastructure.csproj", "{4A940F3A-5D08-4456-B2D8-12864F885495}"
EndProject
Project("{FAE04EC0-301F-11D3-BF4B-00C04F79EFBC}") = "Settings", "Settings\Settings.csproj", "{73DF493F-268E-4D66-A8A9-203E9B93E0B6}"
EndProject
Project("{2150E333-8FDC-42A3-9474-1A3956D46DE8}") = "Data", "Data", "{532FFE6E-FDAA-4B96-9BC3-DA17D4F1C9AF}"
EndProject
Project("{FAE04EC0-301F-11D3-BF4B-00C04F79EFBC}") = "DataAccessLocal", "DataAccessLocal\DataAccessLocal.csproj", "{B5802C88-529E-4D85-98FA-8C1537C27F12}"
EndProject
Project("{FAE04EC0-301F-11D3-BF4B-00C04F79EFBC}") = "Notification", "Notification\Notification.csproj", "{C88AD32C-E017-4635-BA4C-A52CDBF7A8C4}"
EndProject
Project("{2150E333-8FDC-42A3-9474-1A3956D46DE8}") = "Solution Items", "Solution Items", "{D7A7A633-C2EF-4BB6-9D93-361AB66AA484}"
	ProjectSection(SolutionItems) = preProject
		README.md = README.md
	EndProjectSection
EndProject
Project("{2150E333-8FDC-42A3-9474-1A3956D46DE8}") = "Images", "Images", "{8A30436A-E239-41C2-919B-D26A8413393F}"
	ProjectSection(SolutionItems) = preProject
		..\..\..\Desktop\DashboardBlackMode.png = ..\..\..\Desktop\DashboardBlackMode.png
		..\..\..\Desktop\DashboardWhiteMode.jpg = ..\..\..\Desktop\DashboardWhiteMode.jpg
	EndProjectSection
EndProject
Global
	GlobalSection(SolutionConfigurationPlatforms) = preSolution
		Debug|Any CPU = Debug|Any CPU
		Release|Any CPU = Release|Any CPU
	EndGlobalSection
	GlobalSection(ProjectConfigurationPlatforms) = postSolution
		{5931D7C8-FD27-4AD4-A79D-CBC311205767}.Debug|Any CPU.ActiveCfg = Debug|Any CPU
		{5931D7C8-FD27-4AD4-A79D-CBC311205767}.Debug|Any CPU.Build.0 = Debug|Any CPU
		{5931D7C8-FD27-4AD4-A79D-CBC311205767}.Release|Any CPU.ActiveCfg = Release|Any CPU
		{5931D7C8-FD27-4AD4-A79D-CBC311205767}.Release|Any CPU.Build.0 = Release|Any CPU
		{104CCDBD-B903-4514-8D0C-89195B476252}.Debug|Any CPU.ActiveCfg = Debug|Any CPU
		{104CCDBD-B903-4514-8D0C-89195B476252}.Debug|Any CPU.Build.0 = Debug|Any CPU
		{104CCDBD-B903-4514-8D0C-89195B476252}.Release|Any CPU.ActiveCfg = Release|Any CPU
		{104CCDBD-B903-4514-8D0C-89195B476252}.Release|Any CPU.Build.0 = Release|Any CPU
		{ED30496F-1193-43F6-A373-0082BA3C520F}.Debug|Any CPU.ActiveCfg = Debug|Any CPU
		{ED30496F-1193-43F6-A373-0082BA3C520F}.Debug|Any CPU.Build.0 = Debug|Any CPU
		{ED30496F-1193-43F6-A373-0082BA3C520F}.Release|Any CPU.ActiveCfg = Release|Any CPU
		{ED30496F-1193-43F6-A373-0082BA3C520F}.Release|Any CPU.Build.0 = Release|Any CPU
		{BF251AF9-7B71-4EB5-9F80-2A9A9DCE6EA1}.Debug|Any CPU.ActiveCfg = Debug|Any CPU
		{BF251AF9-7B71-4EB5-9F80-2A9A9DCE6EA1}.Debug|Any CPU.Build.0 = Debug|Any CPU
		{BF251AF9-7B71-4EB5-9F80-2A9A9DCE6EA1}.Release|Any CPU.ActiveCfg = Release|Any CPU
		{BF251AF9-7B71-4EB5-9F80-2A9A9DCE6EA1}.Release|Any CPU.Build.0 = Release|Any CPU
		{4A940F3A-5D08-4456-B2D8-12864F885495}.Debug|Any CPU.ActiveCfg = Debug|Any CPU
		{4A940F3A-5D08-4456-B2D8-12864F885495}.Debug|Any CPU.Build.0 = Debug|Any CPU
		{4A940F3A-5D08-4456-B2D8-12864F885495}.Release|Any CPU.ActiveCfg = Release|Any CPU
		{4A940F3A-5D08-4456-B2D8-12864F885495}.Release|Any CPU.Build.0 = Release|Any CPU
		{73DF493F-268E-4D66-A8A9-203E9B93E0B6}.Debug|Any CPU.ActiveCfg = Debug|Any CPU
		{73DF493F-268E-4D66-A8A9-203E9B93E0B6}.Debug|Any CPU.Build.0 = Debug|Any CPU
		{73DF493F-268E-4D66-A8A9-203E9B93E0B6}.Release|Any CPU.ActiveCfg = Release|Any CPU
		{73DF493F-268E-4D66-A8A9-203E9B93E0B6}.Release|Any CPU.Build.0 = Release|Any CPU
		{B5802C88-529E-4D85-98FA-8C1537C27F12}.Debug|Any CPU.ActiveCfg = Debug|Any CPU
		{B5802C88-529E-4D85-98FA-8C1537C27F12}.Debug|Any CPU.Build.0 = Debug|Any CPU
		{B5802C88-529E-4D85-98FA-8C1537C27F12}.Release|Any CPU.ActiveCfg = Release|Any CPU
		{B5802C88-529E-4D85-98FA-8C1537C27F12}.Release|Any CPU.Build.0 = Release|Any CPU
		{C88AD32C-E017-4635-BA4C-A52CDBF7A8C4}.Debug|Any CPU.ActiveCfg = Debug|Any CPU
		{C88AD32C-E017-4635-BA4C-A52CDBF7A8C4}.Debug|Any CPU.Build.0 = Debug|Any CPU
		{C88AD32C-E017-4635-BA4C-A52CDBF7A8C4}.Release|Any CPU.ActiveCfg = Release|Any CPU
		{C88AD32C-E017-4635-BA4C-A52CDBF7A8C4}.Release|Any CPU.Build.0 = Release|Any CPU
	EndGlobalSection
	GlobalSection(SolutionProperties) = preSolution
		HideSolutionNode = FALSE
	EndGlobalSection
	GlobalSection(NestedProjects) = preSolution
		{104CCDBD-B903-4514-8D0C-89195B476252} = {FD432683-8AD9-4AE0-AE32-151850CF9F31}
		{ED30496F-1193-43F6-A373-0082BA3C520F} = {FD432683-8AD9-4AE0-AE32-151850CF9F31}
		{BF251AF9-7B71-4EB5-9F80-2A9A9DCE6EA1} = {FD432683-8AD9-4AE0-AE32-151850CF9F31}
		{73DF493F-268E-4D66-A8A9-203E9B93E0B6} = {FD432683-8AD9-4AE0-AE32-151850CF9F31}
		{B5802C88-529E-4D85-98FA-8C1537C27F12} = {532FFE6E-FDAA-4B96-9BC3-DA17D4F1C9AF}
		{C88AD32C-E017-4635-BA4C-A52CDBF7A8C4} = {FD432683-8AD9-4AE0-AE32-151850CF9F31}
	EndGlobalSection
	GlobalSection(ExtensibilityGlobals) = postSolution
		SolutionGuid = {07EC521E-CA3D-4170-B1B0-6A55C148C141}
	EndGlobalSection
EndGlobal
